{
  "version": 4,
  "terraform_version": "1.12.2",
  "serial": 3,
  "lineage": "67251f82-c1d7-2eab-1b5f-469498f0d4b6",
  "outputs": {
    "vault_id": {
      "value": "/subscriptions/7f16aeca-0ad0-4844-845d-fad64868f677/resourceGroups/RSV-rg/providers/Microsoft.RecoveryServices/vaults/RSV-Vault",
      "type": "string"
    }
  },
  "resources": [
    {
      "mode": "managed",
      "type": "azurerm_recovery_services_vault",
      "name": "vault",
      "provider": "provider[\"registry.terraform.io/hashicorp/azurerm\"]",
      "instances": [
        {
          "schema_version": 0,
          "attributes": {
            "classic_vmware_replication_enabled": false,
            "cross_region_restore_enabled": false,
            "encryption": [],
            "id": "/subscriptions/7f16aeca-0ad0-4844-845d-fad64868f677/resourceGroups/RSV-rg/providers/Microsoft.RecoveryServices/vaults/RSV-Vault",
            "identity": [],
            "immutability": "Disabled",
            "location": "eastus",
            "monitoring": [],
            "name": "RSV-Vault",
            "public_network_access_enabled": true,
            "resource_group_name": "RSV-rg",
            "sku": "Standard",
            "soft_delete_enabled": true,
            "storage_mode_type": "GeoRedundant",
            "tags": null,
            "timeouts": null
          },
          "sensitive_attributes": [],
          "identity_schema_version": 0,
          "private": "eyJlMmJmYjczMC1lY2FhLTExZTYtOGY4OC0zNDM2M2JjN2M0YzAiOnsiY3JlYXRlIjo3MjAwMDAwMDAwMDAwLCJkZWxldGUiOjE4MDAwMDAwMDAwMDAsInJlYWQiOjMwMDAwMDAwMDAwMCwidXBkYXRlIjozNjAwMDAwMDAwMDAwfX0=",
          "dependencies": [
            "azurerm_resource_group.rg"
          ]
        }
      ]
    },
    {
      "mode": "managed",
      "type": "azurerm_resource_group",
      "name": "rg",
      "provider": "provider[\"registry.terraform.io/hashicorp/azurerm\"]",
      "instances": [
        {
          "schema_version": 0,
          "attributes": {
            "id": "/subscriptions/7f16aeca-0ad0-4844-845d-fad64868f677/resourceGroups/RSV-rg",
            "location": "eastus",
            "managed_by": "",
            "name": "RSV-rg",
            "tags": null,
            "timeouts": null
          },
          "sensitive_attributes": [],
          "identity_schema_version": 0,
          "private": "eyJlMmJmYjczMC1lY2FhLTExZTYtOGY4OC0zNDM2M2JjN2M0YzAiOnsiY3JlYXRlIjo1NDAwMDAwMDAwMDAwLCJkZWxldGUiOjU0MDAwMDAwMDAwMDAsInJlYWQiOjMwMDAwMDAwMDAwMCwidXBkYXRlIjo1NDAwMDAwMDAwMDAwfX0="
        }
      ]
    }
  ],
  "check_results": null
}
